
Microsoft Visual Studio Solution File, Format Version 12.00
# Visual Studio Version 17
VisualStudioVersion = 17.3.32901.215
MinimumVisualStudioVersion = 10.0.40219.1
Project("{FAE04EC0-301F-11D3-BF4B-00C04F79EFBC}") = "DemianOyarzunMancilla", "DemianOyarzunMancilla\DemianOyarzunMancilla.csproj", "{3E02B330-53D1-4113-9035-C32AD41276AA}"
EndProject
Global
	GlobalSection(SolutionConfigurationPlatforms) = preSolution
		Debug|Any CPU = Debug|Any CPU
		Release|Any CPU = Release|Any CPU
	EndGlobalSection
	GlobalSection(ProjectConfigurationPlatforms) = postSolution
		{3E02B330-53D1-4113-9035-C32AD41276AA}.Debug|Any CPU.ActiveCfg = Debug|Any CPU
		{3E02B330-53D1-4113-9035-C32AD41276AA}.Debug|Any CPU.Build.0 = Debug|Any CPU
		{3E02B330-53D1-4113-9035-C32AD41276AA}.Release|Any CPU.ActiveCfg = Release|Any CPU
		{3E02B330-53D1-4113-9035-C32AD41276AA}.Release|Any CPU.Build.0 = Release|Any CPU
	EndGlobalSection
	GlobalSection(SolutionProperties) = preSolution
		HideSolutionNode = FALSE
	EndGlobalSection
	GlobalSection(ExtensibilityGlobals) = postSolution
		SolutionGuid = {AC45AA47-FA1A-4E70-9E04-2033286A16A3}
	EndGlobalSection
EndGlobal
